
Microsoft Visual Studio Solution File, Format Version 12.00
# Visual Studio Version 17
VisualStudioVersion = 17.14.36705.20 d17.14
MinimumVisualStudioVersion = 10.0.40219.1
Project("{FAE04EC0-301F-11D3-BF4B-00C04F79EFBC}") = "TallerMvcNet", "TallerMvcNet\TallerMvcNet.csproj", "{148C9751-5225-43D2-B673-49F8AAD7CF63}"
EndProject
Global
	GlobalSection(SolutionConfigurationPlatforms) = preSolution
		Debug|Any CPU = Debug|Any CPU
		Release|Any CPU = Release|Any CPU
	EndGlobalSection
	GlobalSection(ProjectConfigurationPlatforms) = postSolution
		{148C9751-5225-43D2-B673-49F8AAD7CF63}.Debug|Any CPU.ActiveCfg = Debug|Any CPU
		{148C9751-5225-43D2-B673-49F8AAD7CF63}.Debug|Any CPU.Build.0 = Debug|Any CPU
		{148C9751-5225-43D2-B673-49F8AAD7CF63}.Release|Any CPU.ActiveCfg = Release|Any CPU
		{148C9751-5225-43D2-B673-49F8AAD7CF63}.Release|Any CPU.Build.0 = Release|Any CPU
	EndGlobalSection
	GlobalSection(SolutionProperties) = preSolution
		HideSolutionNode = FALSE
	EndGlobalSection
	GlobalSection(ExtensibilityGlobals) = postSolution
		SolutionGuid = {BA30A994-6037-4BAC-B6E0-C19D8DB8655C}
	EndGlobalSection
EndGlobal
